
Microsoft Visual Studio Solution File, Format Version 12.00
# Visual Studio Version 17
VisualStudioVersion = 17.4.33122.133
MinimumVisualStudioVersion = 10.0.40219.1
Project("{FAE04EC0-301F-11D3-BF4B-00C04F79EFBC}") = "SnakeGame", "SnakeGame.csproj", "{81679F6A-435F-4F3C-8332-0F0D08F71E2F}"
EndProject
Global
	GlobalSection(SolutionConfigurationPlatforms) = preSolution
		Debug|Any CPU = Debug|Any CPU
		Release|Any CPU = Release|Any CPU
	EndGlobalSection
	GlobalSection(ProjectConfigurationPlatforms) = postSolution
		{81679F6A-435F-4F3C-8332-0F0D08F71E2F}.Debug|Any CPU.ActiveCfg = Debug|Any CPU
		{81679F6A-435F-4F3C-8332-0F0D08F71E2F}.Debug|Any CPU.Build.0 = Debug|Any CPU
		{81679F6A-435F-4F3C-8332-0F0D08F71E2F}.Release|Any CPU.ActiveCfg = Release|Any CPU
		{81679F6A-435F-4F3C-8332-0F0D08F71E2F}.Release|Any CPU.Build.0 = Release|Any CPU
	EndGlobalSection
	GlobalSection(SolutionProperties) = preSolution
		HideSolutionNode = FALSE
	EndGlobalSection
	GlobalSection(ExtensibilityGlobals) = postSolution
		SolutionGuid = {D5AE121F-2570-437E-905F-038D103FFCF1}
	EndGlobalSection
EndGlobal
